
Microsoft Visual Studio Solution File, Format Version 12.00
# Visual Studio Version 17
VisualStudioVersion = 17.3.32929.385
MinimumVisualStudioVersion = 10.0.40219.1
Project("{FAE04EC0-301F-11D3-BF4B-00C04F79EFBC}") = "otus-lesson-4", "otus-lesson-4.csproj", "{F751413D-B4AB-4708-8783-B5D8C7FB7B02}"
EndProject
Global
	GlobalSection(SolutionConfigurationPlatforms) = preSolution
		Debug|Any CPU = Debug|Any CPU
		Release|Any CPU = Release|Any CPU
	EndGlobalSection
	GlobalSection(ProjectConfigurationPlatforms) = postSolution
		{F751413D-B4AB-4708-8783-B5D8C7FB7B02}.Debug|Any CPU.ActiveCfg = Debug|Any CPU
		{F751413D-B4AB-4708-8783-B5D8C7FB7B02}.Debug|Any CPU.Build.0 = Debug|Any CPU
		{F751413D-B4AB-4708-8783-B5D8C7FB7B02}.Release|Any CPU.ActiveCfg = Release|Any CPU
		{F751413D-B4AB-4708-8783-B5D8C7FB7B02}.Release|Any CPU.Build.0 = Release|Any CPU
	EndGlobalSection
	GlobalSection(SolutionProperties) = preSolution
		HideSolutionNode = FALSE
	EndGlobalSection
	GlobalSection(ExtensibilityGlobals) = postSolution
		SolutionGuid = {2BC8BB87-EFC9-46E1-98DC-83D60643E2D2}
	EndGlobalSection
EndGlobal
